
Microsoft Visual Studio Solution File, Format Version 12.00
# Visual Studio Version 17
VisualStudioVersion = 17.14.36202.13 d17.14
MinimumVisualStudioVersion = 10.0.40219.1
Project("{FAE04EC0-301F-11D3-BF4B-00C04F79EFBC}") = "MovieMosaic-Live", "MovieMosaic-Live\MovieMosaic-Live.csproj", "{16413CB5-1144-4C7D-AE6F-49AB4D981725}"
EndProject
Project("{FAE04EC0-301F-11D3-BF4B-00C04F79EFBC}") = "MovieMosaic-Live.Client", "MovieMosaic-Live.Client\MovieMosaic-Live.Client.csproj", "{346F3648-B9A6-456E-A174-FE7115480B2F}"
EndProject
Global
	GlobalSection(SolutionConfigurationPlatforms) = preSolution
		Debug|Any CPU = Debug|Any CPU
		Release|Any CPU = Release|Any CPU
	EndGlobalSection
	GlobalSection(ProjectConfigurationPlatforms) = postSolution
		{16413CB5-1144-4C7D-AE6F-49AB4D981725}.Debug|Any CPU.ActiveCfg = Debug|Any CPU
		{16413CB5-1144-4C7D-AE6F-49AB4D981725}.Debug|Any CPU.Build.0 = Debug|Any CPU
		{16413CB5-1144-4C7D-AE6F-49AB4D981725}.Release|Any CPU.ActiveCfg = Release|Any CPU
		{16413CB5-1144-4C7D-AE6F-49AB4D981725}.Release|Any CPU.Build.0 = Release|Any CPU
		{346F3648-B9A6-456E-A174-FE7115480B2F}.Debug|Any CPU.ActiveCfg = Debug|Any CPU
		{346F3648-B9A6-456E-A174-FE7115480B2F}.Debug|Any CPU.Build.0 = Debug|Any CPU
		{346F3648-B9A6-456E-A174-FE7115480B2F}.Release|Any CPU.ActiveCfg = Release|Any CPU
		{346F3648-B9A6-456E-A174-FE7115480B2F}.Release|Any CPU.Build.0 = Release|Any CPU
	EndGlobalSection
	GlobalSection(SolutionProperties) = preSolution
		HideSolutionNode = FALSE
	EndGlobalSection
	GlobalSection(ExtensibilityGlobals) = postSolution
		SolutionGuid = {AADE3998-CAA9-42BB-AC35-9331845FDD58}
	EndGlobalSection
EndGlobal
